
Microsoft Visual Studio Solution File, Format Version 12.00
# Visual Studio 15
VisualStudioVersion = 15.0.27703.2026
MinimumVisualStudioVersion = 10.0.40219.1
Project("{FAE04EC0-301F-11D3-BF4B-00C04F79EFBC}") = "GitExperiment", "GitExperiment\GitExperiment.csproj", "{CF35F987-A1B6-4A6A-A699-F8CF2609D35D}"
EndProject
Global
	GlobalSection(SolutionConfigurationPlatforms) = preSolution
		Debug|Any CPU = Debug|Any CPU
		Release|Any CPU = Release|Any CPU
	EndGlobalSection
	GlobalSection(ProjectConfigurationPlatforms) = postSolution
		{CF35F987-A1B6-4A6A-A699-F8CF2609D35D}.Debug|Any CPU.ActiveCfg = Debug|Any CPU
		{CF35F987-A1B6-4A6A-A699-F8CF2609D35D}.Debug|Any CPU.Build.0 = Debug|Any CPU
		{CF35F987-A1B6-4A6A-A699-F8CF2609D35D}.Release|Any CPU.ActiveCfg = Release|Any CPU
		{CF35F987-A1B6-4A6A-A699-F8CF2609D35D}.Release|Any CPU.Build.0 = Release|Any CPU
	EndGlobalSection
	GlobalSection(SolutionProperties) = preSolution
		HideSolutionNode = FALSE
	EndGlobalSection
	GlobalSection(ExtensibilityGlobals) = postSolution
		SolutionGuid = {08BE3D6B-4B8B-4444-89C7-E89DC949CF20}
	EndGlobalSection
EndGlobal
